
Microsoft Visual Studio Solution File, Format Version 12.00
Project("{FAE04EC0-301F-11D3-BF4B-00C04F79EFBC}") = "Acme.Productivity.Pomodoro.Web", "Acme.Productivity.Pomodoro.Web\Acme.Productivity.Pomodoro.Web.csproj", "{26AF2080-07BE-40B8-9EDB-62F46BCF577F}"
EndProject
Project("{FAE04EC0-301F-11D3-BF4B-00C04F79EFBC}") = "Acme.Productivity.Pomodoro.Business", "Acme.Productivity.Pomodoro.Business\Acme.Productivity.Pomodoro.Business.csproj", "{66925612-F46A-4259-9425-931BE5B88737}"
EndProject
Project("{FAE04EC0-301F-11D3-BF4B-00C04F79EFBC}") = "Acme.Productivity.Pomodoro.Core", "Acme.Productivity.Pomodoro.Core\Acme.Productivity.Pomodoro.Core.csproj", "{CC54DB86-9F85-4DCE-9A15-5D02CBCDB21E}"
EndProject
Project("{FAE04EC0-301F-11D3-BF4B-00C04F79EFBC}") = "Acme.Productivity.Pomodoro.Data", "Acme.Productivity.Pomodoro.Data\Acme.Productivity.Pomodoro.Data.csproj", "{B58AD68F-197E-41E2-ABCE-00A4432FA99C}"
EndProject
Project("{FAE04EC0-301F-11D3-BF4B-00C04F79EFBC}") = "Acme.Productivity.Pomodoro.Data.EntityFramework", "Acme.Productivity.Pomodoro.Data.EntityFramework\Acme.Productivity.Pomodoro.Data.EntityFramework.csproj", "{08C5E7A4-5EF0-4C64-A87B-830063D81AE3}"
EndProject
Project("{FAE04EC0-301F-11D3-BF4B-00C04F79EFBC}") = "Acme.Productivity.Pomodoro.Core.Tests", "Acme.Productivity.Pomodoro.Core.Tests\Acme.Productivity.Pomodoro.Core.Tests.csproj", "{F0FDB5AE-2F99-42D3-A97D-9161D9570C72}"
EndProject
Global
	GlobalSection(SolutionConfigurationPlatforms) = preSolution
		Debug|Any CPU = Debug|Any CPU
		Release|Any CPU = Release|Any CPU
	EndGlobalSection
	GlobalSection(ProjectConfigurationPlatforms) = postSolution
		{26AF2080-07BE-40B8-9EDB-62F46BCF577F}.Debug|Any CPU.ActiveCfg = Debug|Any CPU
		{26AF2080-07BE-40B8-9EDB-62F46BCF577F}.Debug|Any CPU.Build.0 = Debug|Any CPU
		{26AF2080-07BE-40B8-9EDB-62F46BCF577F}.Release|Any CPU.ActiveCfg = Release|Any CPU
		{26AF2080-07BE-40B8-9EDB-62F46BCF577F}.Release|Any CPU.Build.0 = Release|Any CPU
		{66925612-F46A-4259-9425-931BE5B88737}.Debug|Any CPU.ActiveCfg = Debug|Any CPU
		{66925612-F46A-4259-9425-931BE5B88737}.Debug|Any CPU.Build.0 = Debug|Any CPU
		{66925612-F46A-4259-9425-931BE5B88737}.Release|Any CPU.ActiveCfg = Release|Any CPU
		{66925612-F46A-4259-9425-931BE5B88737}.Release|Any CPU.Build.0 = Release|Any CPU
		{CC54DB86-9F85-4DCE-9A15-5D02CBCDB21E}.Debug|Any CPU.ActiveCfg = Debug|Any CPU
		{CC54DB86-9F85-4DCE-9A15-5D02CBCDB21E}.Debug|Any CPU.Build.0 = Debug|Any CPU
		{CC54DB86-9F85-4DCE-9A15-5D02CBCDB21E}.Release|Any CPU.ActiveCfg = Release|Any CPU
		{CC54DB86-9F85-4DCE-9A15-5D02CBCDB21E}.Release|Any CPU.Build.0 = Release|Any CPU
		{B58AD68F-197E-41E2-ABCE-00A4432FA99C}.Debug|Any CPU.ActiveCfg = Debug|Any CPU
		{B58AD68F-197E-41E2-ABCE-00A4432FA99C}.Debug|Any CPU.Build.0 = Debug|Any CPU
		{B58AD68F-197E-41E2-ABCE-00A4432FA99C}.Release|Any CPU.ActiveCfg = Release|Any CPU
		{B58AD68F-197E-41E2-ABCE-00A4432FA99C}.Release|Any CPU.Build.0 = Release|Any CPU
		{08C5E7A4-5EF0-4C64-A87B-830063D81AE3}.Debug|Any CPU.ActiveCfg = Debug|Any CPU
		{08C5E7A4-5EF0-4C64-A87B-830063D81AE3}.Debug|Any CPU.Build.0 = Debug|Any CPU
		{08C5E7A4-5EF0-4C64-A87B-830063D81AE3}.Release|Any CPU.ActiveCfg = Release|Any CPU
		{08C5E7A4-5EF0-4C64-A87B-830063D81AE3}.Release|Any CPU.Build.0 = Release|Any CPU
		{F0FDB5AE-2F99-42D3-A97D-9161D9570C72}.Debug|Any CPU.ActiveCfg = Debug|Any CPU
		{F0FDB5AE-2F99-42D3-A97D-9161D9570C72}.Debug|Any CPU.Build.0 = Debug|Any CPU
		{F0FDB5AE-2F99-42D3-A97D-9161D9570C72}.Release|Any CPU.ActiveCfg = Release|Any CPU
		{F0FDB5AE-2F99-42D3-A97D-9161D9570C72}.Release|Any CPU.Build.0 = Release|Any CPU
	EndGlobalSection
EndGlobal
